// !$*UTF8*$!
{
	archiveVersion = 1;
	classes = {
	};
	objectVersion = 46;
	objects = {

/* Begin PBXBuildFile section */
		3F0F2D891EA587E8005AD45A /* categoriesTableVC.swift in Sources */ = {isa = PBXBuildFile; fileRef = 3F0F2D881EA587E8005AD45A /* categoriesTableVC.swift */; };
		3F0F2D8B1EA588E1005AD45A /* categoriesTableViewCell.swift in Sources */ = {isa = PBXBuildFile; fileRef = 3F0F2D8A1EA588E1005AD45A /* categoriesTableViewCell.swift */; };
		3F30F3861E931DCB00E90631 /* AppDelegate.swift in Sources */ = {isa = PBXBuildFile; fileRef = 3F30F3851E931DCB00E90631 /* AppDelegate.swift */; };
		3F30F3881E931DCB00E90631 /* HomeViewController.swift in Sources */ = {isa = PBXBuildFile; fileRef = 3F30F3871E931DCB00E90631 /* HomeViewController.swift */; };
		3F30F38B1E931DCB00E90631 /* Main.storyboard in Resources */ = {isa = PBXBuildFile; fileRef = 3F30F3891E931DCB00E90631 /* Main.storyboard */; };
		3F30F38E1E931DCB00E90631 /* CS470Voting.xcdatamodeld in Sources */ = {isa = PBXBuildFile; fileRef = 3F30F38C1E931DCB00E90631 /* CS470Voting.xcdatamodeld */; };
		3F30F3901E931DCB00E90631 /* Assets.xcassets in Resources */ = {isa = PBXBuildFile; fileRef = 3F30F38F1E931DCB00E90631 /* Assets.xcassets */; };
		3F30F3931E931DCB00E90631 /* LaunchScreen.storyboard in Resources */ = {isa = PBXBuildFile; fileRef = 3F30F3911E931DCB00E90631 /* LaunchScreen.storyboard */; };
		3F30F39E1E931DCC00E90631 /* CS470VotingTests.swift in Sources */ = {isa = PBXBuildFile; fileRef = 3F30F39D1E931DCC00E90631 /* CS470VotingTests.swift */; };
		3F30F3A91E931DCC00E90631 /* CS470VotingUITests.swift in Sources */ = {isa = PBXBuildFile; fileRef = 3F30F3A81E931DCC00E90631 /* CS470VotingUITests.swift */; };
		3FBBCDB41EBAB4EB00A17301 /* GroupTableViewCell.swift in Sources */ = {isa = PBXBuildFile; fileRef = 3FBBCDB31EBAB4EB00A17301 /* GroupTableViewCell.swift */; };
		3FBBCDB61EBAD63800A17301 /* GroupsWithButtonVC.swift in Sources */ = {isa = PBXBuildFile; fileRef = 3FBBCDB51EBAD63800A17301 /* GroupsWithButtonVC.swift */; };
		3FF0F8151EC1379800E7049D /* CreateGroupViewController.swift in Sources */ = {isa = PBXBuildFile; fileRef = 3FF0F8141EC1379800E7049D /* CreateGroupViewController.swift */; };
		3FF0F8171EC13A5900E7049D /* GroupMembersViewController.swift in Sources */ = {isa = PBXBuildFile; fileRef = 3FF0F8161EC13A5900E7049D /* GroupMembersViewController.swift */; };
		3FF0F8191EC13D7E00E7049D /* GroupMembersViewCell.swift in Sources */ = {isa = PBXBuildFile; fileRef = 3FF0F8181EC13D7E00E7049D /* GroupMembersViewCell.swift */; };
		6749BDE01EA84D2500F0D94B /* RegisterViewController.swift in Sources */ = {isa = PBXBuildFile; fileRef = 6749BDDF1EA84D2500F0D94B /* RegisterViewController.swift */; };
		6749BDE21EA8630D00F0D94B /* LoginViewController.swift in Sources */ = {isa = PBXBuildFile; fileRef = 6749BDE11EA8630D00F0D94B /* LoginViewController.swift */; };
		67CD0BC21EA6FE76003C75F3 /* nomineeTableVC.swift in Sources */ = {isa = PBXBuildFile; fileRef = 67CD0BC11EA6FE76003C75F3 /* nomineeTableVC.swift */; };
		67CD0BC41EA70789003C75F3 /* nomineeTableViewCell.swift in Sources */ = {isa = PBXBuildFile; fileRef = 67CD0BC31EA70789003C75F3 /* nomineeTableViewCell.swift */; };
		67F48F431EA846CF002B05FA /* PreLoginViewController.swift in Sources */ = {isa = PBXBuildFile; fileRef = 67F48F421EA846CF002B05FA /* PreLoginViewController.swift */; };
/* End PBXBuildFile section */

/* Begin PBXContainerItemProxy section */
		3F30F39A1E931DCC00E90631 /* PBXContainerItemProxy */ = {
			isa = PBXContainerItemProxy;
			containerPortal = 3F30F37A1E931DCB00E90631 /* Project object */;
			proxyType = 1;
			remoteGlobalIDString = 3F30F3811E931DCB00E90631;
			remoteInfo = CS470Voting;
		};
		3F30F3A51E931DCC00E90631 /* PBXContainerItemProxy */ = {
			isa = PBXContainerItemProxy;
			containerPortal = 3F30F37A1E931DCB00E90631 /* Project object */;
			proxyType = 1;
			remoteGlobalIDString = 3F30F3811E931DCB00E90631;
			remoteInfo = CS470Voting;
		};
/* End PBXContainerItemProxy section */

/* Begin PBXFileReference section */
		3F0F2D881EA587E8005AD45A /* categoriesTableVC.swift */ = {isa = PBXFileReference; fileEncoding = 4; lastKnownFileType = sourcecode.swift; path = categoriesTableVC.swift; sourceTree = "<group>"; };
		3F0F2D8A1EA588E1005AD45A /* categoriesTableViewCell.swift */ = {isa = PBXFileReference; fileEncoding = 4; lastKnownFileType = sourcecode.swift; path = categoriesTableViewCell.swift; sourceTree = "<group>"; };
		3F30F3821E931DCB00E90631 /* CS470Voting.app */ = {isa = PBXFileReference; explicitFileType = wrapper.application; includeInIndex = 0; path = CS470Voting.app; sourceTree = BUILT_PRODUCTS_DIR; };
		3F30F3851E931DCB00E90631 /* AppDelegate.swift */ = {isa = PBXFileReference; lastKnownFileType = sourcecode.swift; path = AppDelegate.swift; sourceTree = "<group>"; };
		3F30F3871E931DCB00E90631 /* HomeViewController.swift */ = {isa = PBXFileReference; lastKnownFileType = sourcecode.swift; path = HomeViewController.swift; sourceTree = "<group>"; };
		3F30F38A1E931DCB00E90631 /* Base */ = {isa = PBXFileReference; lastKnownFileType = file.storyboard; name = Base; path = Base.lproj/Main.storyboard; sourceTree = "<group>"; };
		3F30F38D1E931DCB00E90631 /* CS470Voting.xcdatamodel */ = {isa = PBXFileReference; lastKnownFileType = wrapper.xcdatamodel; path = CS470Voting.xcdatamodel; sourceTree = "<group>"; };
		3F30F38F1E931DCB00E90631 /* Assets.xcassets */ = {isa = PBXFileReference; lastKnownFileType = folder.assetcatalog; path = Assets.xcassets; sourceTree = "<group>"; };
		3F30F3921E931DCB00E90631 /* Base */ = {isa = PBXFileReference; lastKnownFileType = file.storyboard; name = Base; path = Base.lproj/LaunchScreen.storyboard; sourceTree = "<group>"; };
		3F30F3941E931DCB00E90631 /* Info.plist */ = {isa = PBXFileReference; lastKnownFileType = text.plist.xml; path = Info.plist; sourceTree = "<group>"; };
		3F30F3991E931DCC00E90631 /* CS470VotingTests.xctest */ = {isa = PBXFileReference; explicitFileType = wrapper.cfbundle; includeInIndex = 0; path = CS470VotingTests.xctest; sourceTree = BUILT_PRODUCTS_DIR; };
		3F30F39D1E931DCC00E90631 /* CS470VotingTests.swift */ = {isa = PBXFileReference; lastKnownFileType = sourcecode.swift; path = CS470VotingTests.swift; sourceTree = "<group>"; };
		3F30F39F1E931DCC00E90631 /* Info.plist */ = {isa = PBXFileReference; lastKnownFileType = text.plist.xml; path = Info.plist; sourceTree = "<group>"; };
		3F30F3A41E931DCC00E90631 /* CS470VotingUITests.xctest */ = {isa = PBXFileReference; explicitFileType = wrapper.cfbundle; includeInIndex = 0; path = CS470VotingUITests.xctest; sourceTree = BUILT_PRODUCTS_DIR; };
		3F30F3A81E931DCC00E90631 /* CS470VotingUITests.swift */ = {isa = PBXFileReference; lastKnownFileType = sourcecode.swift; path = CS470VotingUITests.swift; sourceTree = "<group>"; };
		3F30F3AA1E931DCC00E90631 /* Info.plist */ = {isa = PBXFileReference; lastKnownFileType = text.plist.xml; path = Info.plist; sourceTree = "<group>"; };
		3FBBCDB31EBAB4EB00A17301 /* GroupTableViewCell.swift */ = {isa = PBXFileReference; fileEncoding = 4; lastKnownFileType = sourcecode.swift; path = GroupTableViewCell.swift; sourceTree = "<group>"; };
		3FBBCDB51EBAD63800A17301 /* GroupsWithButtonVC.swift */ = {isa = PBXFileReference; fileEncoding = 4; lastKnownFileType = sourcecode.swift; path = GroupsWithButtonVC.swift; sourceTree = "<group>"; };
		3FF0F8141EC1379800E7049D /* CreateGroupViewController.swift */ = {isa = PBXFileReference; fileEncoding = 4; lastKnownFileType = sourcecode.swift; path = CreateGroupViewController.swift; sourceTree = "<group>"; };
		3FF0F8161EC13A5900E7049D /* GroupMembersViewController.swift */ = {isa = PBXFileReference; fileEncoding = 4; lastKnownFileType = sourcecode.swift; path = GroupMembersViewController.swift; sourceTree = "<group>"; };
		3FF0F8181EC13D7E00E7049D /* GroupMembersViewCell.swift */ = {isa = PBXFileReference; fileEncoding = 4; lastKnownFileType = sourcecode.swift; path = GroupMembersViewCell.swift; sourceTree = "<group>"; };
		6749BDDF1EA84D2500F0D94B /* RegisterViewController.swift */ = {isa = PBXFileReference; fileEncoding = 4; lastKnownFileType = sourcecode.swift; path = RegisterViewController.swift; sourceTree = "<group>"; };
		6749BDE11EA8630D00F0D94B /* LoginViewController.swift */ = {isa = PBXFileReference; fileEncoding = 4; lastKnownFileType = sourcecode.swift; path = LoginViewController.swift; sourceTree = "<group>"; };
		67CD0BC11EA6FE76003C75F3 /* nomineeTableVC.swift */ = {isa = PBXFileReference; fileEncoding = 4; lastKnownFileType = sourcecode.swift; path = nomineeTableVC.swift; sourceTree = "<group>"; };
		67CD0BC31EA70789003C75F3 /* nomineeTableViewCell.swift */ = {isa = PBXFileReference; fileEncoding = 4; lastKnownFileType = sourcecode.swift; path = nomineeTableViewCell.swift; sourceTree = "<group>"; };
		67F48F421EA846CF002B05FA /* PreLoginViewController.swift */ = {isa = PBXFileReference; fileEncoding = 4; lastKnownFileType = sourcecode.swift; path = PreLoginViewController.swift; sourceTree = "<group>"; };
/* End PBXFileReference section */

/* Begin PBXFrameworksBuildPhase section */
		3F30F37F1E931DCB00E90631 /* Frameworks */ = {
			isa = PBXFrameworksBuildPhase;
			buildActionMask = 2147483647;
			files = (
			);
			runOnlyForDeploymentPostprocessing = 0;
		};
		3F30F3961E931DCC00E90631 /* Frameworks */ = {
			isa = PBXFrameworksBuildPhase;
			buildActionMask = 2147483647;
			files = (
			);
			runOnlyForDeploymentPostprocessing = 0;
		};
		3F30F3A11E931DCC00E90631 /* Frameworks */ = {
			isa = PBXFrameworksBuildPhase;
			buildActionMask = 2147483647;
			files = (
			);
			runOnlyForDeploymentPostprocessing = 0;
		};
/* End PBXFrameworksBuildPhase section */

/* Begin PBXGroup section */
		3F30F3791E931DCB00E90631 = {
			isa = PBXGroup;
			children = (
				3F30F3841E931DCB00E90631 /* CS470Voting */,
				3F30F39C1E931DCC00E90631 /* CS470VotingTests */,
				3F30F3A71E931DCC00E90631 /* CS470VotingUITests */,
				3F30F3831E931DCB00E90631 /* Products */,
			);
			sourceTree = "<group>";
		};
		3F30F3831E931DCB00E90631 /* Products */ = {
			isa = PBXGroup;
			children = (
				3F30F3821E931DCB00E90631 /* CS470Voting.app */,
				3F30F3991E931DCC00E90631 /* CS470VotingTests.xctest */,
				3F30F3A41E931DCC00E90631 /* CS470VotingUITests.xctest */,
			);
			name = Products;
			sourceTree = "<group>";
		};
		3F30F3841E931DCB00E90631 /* CS470Voting */ = {
			isa = PBXGroup;
			children = (
				3F30F3851E931DCB00E90631 /* AppDelegate.swift */,
				3F30F3871E931DCB00E90631 /* HomeViewController.swift */,
				3F30F3891E931DCB00E90631 /* Main.storyboard */,
				67F48F421EA846CF002B05FA /* PreLoginViewController.swift */,
				6749BDDF1EA84D2500F0D94B /* RegisterViewController.swift */,
				6749BDE11EA8630D00F0D94B /* LoginViewController.swift */,
				3F0F2D881EA587E8005AD45A /* categoriesTableVC.swift */,
				67CD0BC11EA6FE76003C75F3 /* nomineeTableVC.swift */,
				67CD0BC31EA70789003C75F3 /* nomineeTableViewCell.swift */,
				3F0F2D8A1EA588E1005AD45A /* categoriesTableViewCell.swift */,
				3F30F38F1E931DCB00E90631 /* Assets.xcassets */,
				3F30F3911E931DCB00E90631 /* LaunchScreen.storyboard */,
				3F30F3941E931DCB00E90631 /* Info.plist */,
				3F30F38C1E931DCB00E90631 /* CS470Voting.xcdatamodeld */,
				3FBBCDB31EBAB4EB00A17301 /* GroupTableViewCell.swift */,
				3FBBCDB51EBAD63800A17301 /* GroupsWithButtonVC.swift */,
				3FF0F8141EC1379800E7049D /* CreateGroupViewController.swift */,
				3FF0F8161EC13A5900E7049D /* GroupMembersViewController.swift */,
				3FF0F8181EC13D7E00E7049D /* GroupMembersViewCell.swift */,
			);
			path = CS470Voting;
			sourceTree = "<group>";
		};
		3F30F39C1E931DCC00E90631 /* CS470VotingTests */ = {
			isa = PBXGroup;
			children = (
				3F30F39D1E931DCC00E90631 /* CS470VotingTests.swift */,
				3F30F39F1E931DCC00E90631 /* Info.plist */,
			);
			path = CS470VotingTests;
			sourceTree = "<group>";
		};
		3F30F3A71E931DCC00E90631 /* CS470VotingUITests */ = {
			isa = PBXGroup;
			children = (
				3F30F3A81E931DCC00E90631 /* CS470VotingUITests.swift */,
				3F30F3AA1E931DCC00E90631 /* Info.plist */,
			);
			path = CS470VotingUITests;
			sourceTree = "<group>";
		};
/* End PBXGroup section */

/* Begin PBXNativeTarget section */
		3F30F3811E931DCB00E90631 /* CS470Voting */ = {
			isa = PBXNativeTarget;
			buildConfigurationList = 3F30F3AD1E931DCC00E90631 /* Build configuration list for PBXNativeTarget "CS470Voting" */;
			buildPhases = (
				3F30F37E1E931DCB00E90631 /* Sources */,
				3F30F37F1E931DCB00E90631 /* Frameworks */,
				3F30F3801E931DCB00E90631 /* Resources */,
			);
			buildRules = (
			);
			dependencies = (
			);
			name = CS470Voting;
			productName = CS470Voting;
			productReference = 3F30F3821E931DCB00E90631 /* CS470Voting.app */;
			productType = "com.apple.product-type.application";
		};
		3F30F3981E931DCC00E90631 /* CS470VotingTests */ = {
			isa = PBXNativeTarget;
			buildConfigurationList = 3F30F3B01E931DCC00E90631 /* Build configuration list for PBXNativeTarget "CS470VotingTests" */;
			buildPhases = (
				3F30F3951E931DCC00E90631 /* Sources */,
				3F30F3961E931DCC00E90631 /* Frameworks */,
				3F30F3971E931DCC00E90631 /* Resources */,
			);
			buildRules = (
			);
			dependencies = (
				3F30F39B1E931DCC00E90631 /* PBXTargetDependency */,
			);
			name = CS470VotingTests;
			productName = CS470VotingTests;
			productReference = 3F30F3991E931DCC00E90631 /* CS470VotingTests.xctest */;
			productType = "com.apple.product-type.bundle.unit-test";
		};
		3F30F3A31E931DCC00E90631 /* CS470VotingUITests */ = {
			isa = PBXNativeTarget;
			buildConfigurationList = 3F30F3B31E931DCC00E90631 /* Build configuration list for PBXNativeTarget "CS470VotingUITests" */;
			buildPhases = (
				3F30F3A01E931DCC00E90631 /* Sources */,
				3F30F3A11E931DCC00E90631 /* Frameworks */,
				3F30F3A21E931DCC00E90631 /* Resources */,
			);
			buildRules = (
			);
			dependencies = (
				3F30F3A61E931DCC00E90631 /* PBXTargetDependency */,
			);
			name = CS470VotingUITests;
			productName = CS470VotingUITests;
			productReference = 3F30F3A41E931DCC00E90631 /* CS470VotingUITests.xctest */;
			productType = "com.apple.product-type.bundle.ui-testing";
		};
/* End PBXNativeTarget section */

/* Begin PBXProject section */
		3F30F37A1E931DCB00E90631 /* Project object */ = {
			isa = PBXProject;
			attributes = {
				LastSwiftUpdateCheck = 0820;
				LastUpgradeCheck = 0820;
				ORGANIZATIONNAME = student;
				TargetAttributes = {
					3F30F3811E931DCB00E90631 = {
						CreatedOnToolsVersion = 8.2.1;
						ProvisioningStyle = Automatic;
					};
					3F30F3981E931DCC00E90631 = {
						CreatedOnToolsVersion = 8.2.1;
						ProvisioningStyle = Automatic;
						TestTargetID = 3F30F3811E931DCB00E90631;
					};
					3F30F3A31E931DCC00E90631 = {
						CreatedOnToolsVersion = 8.2.1;
						ProvisioningStyle = Automatic;
						TestTargetID = 3F30F3811E931DCB00E90631;
					};
				};
			};
			buildConfigurationList = 3F30F37D1E931DCB00E90631 /* Build configuration list for PBXProject "CS470Voting" */;
			compatibilityVersion = "Xcode 3.2";
			developmentRegion = English;
			hasScannedForEncodings = 0;
			knownRegions = (
				en,
				Base,
			);
			mainGroup = 3F30F3791E931DCB00E90631;
			productRefGroup = 3F30F3831E931DCB00E90631 /* Products */;
			projectDirPath = "";
			projectRoot = "";
			targets = (
				3F30F3811E931DCB00E90631 /* CS470Voting */,
				3F30F3981E931DCC00E90631 /* CS470VotingTests */,
				3F30F3A31E931DCC00E90631 /* CS470VotingUITests */,
			);
		};
/* End PBXProject section */

/* Begin PBXResourcesBuildPhase section */
		3F30F3801E931DCB00E90631 /* Resources */ = {
			isa = PBXResourcesBuildPhase;
			buildActionMask = 2147483647;
			files = (
				3F30F3931E931DCB00E90631 /* LaunchScreen.storyboard in Resources */,
				3F30F3901E931DCB00E90631 /* Assets.xcassets in Resources */,
				3F30F38B1E931DCB00E90631 /* Main.storyboard in Resources */,
			);
			runOnlyForDeploymentPostprocessing = 0;
		};
		3F30F3971E931DCC00E90631 /* Resources */ = {
			isa = PBXResourcesBuildPhase;
			buildActionMask = 2147483647;
			files = (
			);
			runOnlyForDeploymentPostprocessing = 0;
		};
		3F30F3A21E931DCC00E90631 /* Resources */ = {
			isa = PBXResourcesBuildPhase;
			buildActionMask = 2147483647;
			files = (
			);
			runOnlyForDeploymentPostprocessing = 0;
		};
/* End PBXResourcesBuildPhase section */

/* Begin PBXSourcesBuildPhase section */
		3F30F37E1E931DCB00E90631 /* Sources */ = {
			isa = PBXSourcesBuildPhase;
			buildActionMask = 2147483647;
			files = (
				3FF0F8191EC13D7E00E7049D /* GroupMembersViewCell.swift in Sources */,
				3FBBCDB61EBAD63800A17301 /* GroupsWithButtonVC.swift in Sources */,
				6749BDE01EA84D2500F0D94B /* RegisterViewController.swift in Sources */,
				3F0F2D8B1EA588E1005AD45A /* categoriesTableViewCell.swift in Sources */,
				67CD0BC21EA6FE76003C75F3 /* nomineeTableVC.swift in Sources */,
				3FBBCDB41EBAB4EB00A17301 /* GroupTableViewCell.swift in Sources */,
				3F30F3881E931DCB00E90631 /* HomeViewController.swift in Sources */,
				3F0F2D891EA587E8005AD45A /* categoriesTableVC.swift in Sources */,
				67F48F431EA846CF002B05FA /* PreLoginViewController.swift in Sources */,
				3FF0F8171EC13A5900E7049D /* GroupMembersViewController.swift in Sources */,
				3FF0F8151EC1379800E7049D /* CreateGroupViewController.swift in Sources */,
				3F30F3861E931DCB00E90631 /* AppDelegate.swift in Sources */,
				67CD0BC41EA70789003C75F3 /* nomineeTableViewCell.swift in Sources */,
				6749BDE21EA8630D00F0D94B /* LoginViewController.swift in Sources */,
				3F30F38E1E931DCB00E90631 /* CS470Voting.xcdatamodeld in Sources */,
			);
			runOnlyForDeploymentPostprocessing = 0;
		};
		3F30F3951E931DCC00E90631 /* Sources */ = {
			isa = PBXSourcesBuildPhase;
			buildActionMask = 2147483647;
			files = (
				3F30F39E1E931DCC00E90631 /* CS470VotingTests.swift in Sources */,
			);
			runOnlyForDeploymentPostprocessing = 0;
		};
		3F30F3A01E931DCC00E90631 /* Sources */ = {
			isa = PBXSourcesBuildPhase;
			buildActionMask = 2147483647;
			files = (
				3F30F3A91E931DCC00E90631 /* CS470VotingUITests.swift in Sources */,
			);
			runOnlyForDeploymentPostprocessing = 0;
		};
/* End PBXSourcesBuildPhase section */

/* Begin PBXTargetDependency section */
		3F30F39B1E931DCC00E90631 /* PBXTargetDependency */ = {
			isa = PBXTargetDependency;
			target = 3F30F3811E931DCB00E90631 /* CS470Voting */;
			targetProxy = 3F30F39A1E931DCC00E90631 /* PBXContainerItemProxy */;
		};
		3F30F3A61E931DCC00E90631 /* PBXTargetDependency */ = {
			isa = PBXTargetDependency;
			target = 3F30F3811E931DCB00E90631 /* CS470Voting */;
			targetProxy = 3F30F3A51E931DCC00E90631 /* PBXContainerItemProxy */;
		};
/* End PBXTargetDependency section */

/* Begin PBXVariantGroup section */
		3F30F3891E931DCB00E90631 /* Main.storyboard */ = {
			isa = PBXVariantGroup;
			children = (
				3F30F38A1E931DCB00E90631 /* Base */,
			);
			name = Main.storyboard;
			sourceTree = "<group>";
		};
		3F30F3911E931DCB00E90631 /* LaunchScreen.storyboard */ = {
			isa = PBXVariantGroup;
			children = (
				3F30F3921E931DCB00E90631 /* Base */,
			);
			name = LaunchScreen.storyboard;
			sourceTree = "<group>";
		};
/* End PBXVariantGroup section */

/* Begin XCBuildConfiguration section */
		3F30F3AB1E931DCC00E90631 /* Debug */ = {
			isa = XCBuildConfiguration;
			buildSettings = {
				ALWAYS_SEARCH_USER_PATHS = NO;
				CLANG_ANALYZER_NONNULL = YES;
				CLANG_CXX_LANGUAGE_STANDARD = "gnu++0x";
				CLANG_CXX_LIBRARY = "libc++";
				CLANG_ENABLE_MODULES = YES;
				CLANG_ENABLE_OBJC_ARC = YES;
				CLANG_WARN_BOOL_CONVERSION = YES;
				CLANG_WARN_CONSTANT_CONVERSION = YES;
				CLANG_WARN_DIRECT_OBJC_ISA_USAGE = YES_ERROR;
				CLANG_WARN_DOCUMENTATION_COMMENTS = YES;
				CLANG_WARN_EMPTY_BODY = YES;
				CLANG_WARN_ENUM_CONVERSION = YES;
				CLANG_WARN_INFINITE_RECURSION = YES;
				CLANG_WARN_INT_CONVERSION = YES;
				CLANG_WARN_OBJC_ROOT_CLASS = YES_ERROR;
				CLANG_WARN_SUSPICIOUS_MOVE = YES;
				CLANG_WARN_UNREACHABLE_CODE = YES;
				CLANG_WARN__DUPLICATE_METHOD_MATCH = YES;
				"CODE_SIGN_IDENTITY[sdk=iphoneos*]" = "iPhone Developer";
				COPY_PHASE_STRIP = NO;
				DEBUG_INFORMATION_FORMAT = dwarf;
				ENABLE_STRICT_OBJC_MSGSEND = YES;
				ENABLE_TESTABILITY = YES;
				GCC_C_LANGUAGE_STANDARD = gnu99;
				GCC_DYNAMIC_NO_PIC = NO;
				GCC_NO_COMMON_BLOCKS = YES;
				GCC_OPTIMIZATION_LEVEL = 0;
				GCC_PREPROCESSOR_DEFINITIONS = (
					"DEBUG=1",
					"$(inherited)",
				);
				GCC_WARN_64_TO_32_BIT_CONVERSION = YES;
				GCC_WARN_ABOUT_RETURN_TYPE = YES_ERROR;
				GCC_WARN_UNDECLARED_SELECTOR = YES;
				GCC_WARN_UNINITIALIZED_AUTOS = YES_AGGRESSIVE;
				GCC_WARN_UNUSED_FUNCTION = YES;
				GCC_WARN_UNUSED_VARIABLE = YES;
				IPHONEOS_DEPLOYMENT_TARGET = 10.2;
				MTL_ENABLE_DEBUG_INFO = YES;
				ONLY_ACTIVE_ARCH = YES;
				SDKROOT = iphoneos;
				SWIFT_ACTIVE_COMPILATION_CONDITIONS = DEBUG;
				SWIFT_OPTIMIZATION_LEVEL = "-Onone";
				TARGETED_DEVICE_FAMILY = "1,2";
			};
			name = Debug;
		};
		3F30F3AC1E931DCC00E90631 /* Release */ = {
			isa = XCBuildConfiguration;
			buildSettings = {
				ALWAYS_SEARCH_USER_PATHS = NO;
				CLANG_ANALYZER_NONNULL = YES;
				CLANG_CXX_LANGUAGE_STANDARD = "gnu++0x";
				CLANG_CXX_LIBRARY = "libc++";
				CLANG_ENABLE_MODULES = YES;
				CLANG_ENABLE_OBJC_ARC = YES;
				CLANG_WARN_BOOL_CONVERSION = YES;
				CLANG_WARN_CONSTANT_CONVERSION = YES;
				CLANG_WARN_DIRECT_OBJC_ISA_USAGE = YES_ERROR;
				CLANG_WARN_DOCUMENTATION_COMMENTS = YES;
				CLANG_WARN_EMPTY_BODY = YES;
				CLANG_WARN_ENUM_CONVERSION = YES;
				CLANG_WARN_INFINITE_RECURSION = YES;
				CLANG_WARN_INT_CONVERSION = YES;
				CLANG_WARN_OBJC_ROOT_CLASS = YES_ERROR;
				CLANG_WARN_SUSPICIOUS_MOVE = YES;
				CLANG_WARN_UNREACHABLE_CODE = YES;
				CLANG_WARN__DUPLICATE_METHOD_MATCH = YES;
				"CODE_SIGN_IDENTITY[sdk=iphoneos*]" = "iPhone Developer";
				COPY_PHASE_STRIP = NO;
				DEBUG_INFORMATION_FORMAT = "dwarf-with-dsym";
				ENABLE_NS_ASSERTIONS = NO;
				ENABLE_STRICT_OBJC_MSGSEND = YES;
				GCC_C_LANGUAGE_STANDARD = gnu99;
				GCC_NO_COMMON_BLOCKS = YES;
				GCC_WARN_64_TO_32_BIT_CONVERSION = YES;
				GCC_WARN_ABOUT_RETURN_TYPE = YES_ERROR;
				GCC_WARN_UNDECLARED_SELECTOR = YES;
				GCC_WARN_UNINITIALIZED_AUTOS = YES_AGGRESSIVE;
				GCC_WARN_UNUSED_FUNCTION = YES;
				GCC_WARN_UNUSED_VARIABLE = YES;
				IPHONEOS_DEPLOYMENT_TARGET = 10.2;
				MTL_ENABLE_DEBUG_INFO = NO;
				SDKROOT = iphoneos;
				SWIFT_OPTIMIZATION_LEVEL = "-Owholemodule";
				TARGETED_DEVICE_FAMILY = "1,2";
				VALIDATE_PRODUCT = YES;
			};
			name = Release;
		};
		3F30F3AE1E931DCC00E90631 /* Debug */ = {
			isa = XCBuildConfiguration;
			buildSettings = {
				ASSETCATALOG_COMPILER_APPICON_NAME = AppIcon;
				INFOPLIST_FILE = CS470Voting/Info.plist;
				LD_RUNPATH_SEARCH_PATHS = "$(inherited) @executable_path/Frameworks";
				PRODUCT_BUNDLE_IDENTIFIER = com.voting.ssu.CS470Voting;
				PRODUCT_NAME = "$(TARGET_NAME)";
				SWIFT_VERSION = 3.0;
			};
			name = Debug;
		};
		3F30F3AF1E931DCC00E90631 /* Release */ = {
			isa = XCBuildConfiguration;
			buildSettings = {
				ASSETCATALOG_COMPILER_APPICON_NAME = AppIcon;
				INFOPLIST_FILE = CS470Voting/Info.plist;
				LD_RUNPATH_SEARCH_PATHS = "$(inherited) @executable_path/Frameworks";
				PRODUCT_BUNDLE_IDENTIFIER = com.voting.ssu.CS470Voting;
				PRODUCT_NAME = "$(TARGET_NAME)";
				SWIFT_VERSION = 3.0;
			};
			name = Release;
		};
		3F30F3B11E931DCC00E90631 /* Debug */ = {
			isa = XCBuildConfiguration;
			buildSettings = {
				ALWAYS_EMBED_SWIFT_STANDARD_LIBRARIES = YES;
				BUNDLE_LOADER = "$(TEST_HOST)";
				INFOPLIST_FILE = CS470VotingTests/Info.plist;
				LD_RUNPATH_SEARCH_PATHS = "$(inherited) @executable_path/Frameworks @loader_path/Frameworks";
				PRODUCT_BUNDLE_IDENTIFIER = com.voting.ssu.CS470VotingTests;
				PRODUCT_NAME = "$(TARGET_NAME)";
				SWIFT_VERSION = 3.0;
				TEST_HOST = "$(BUILT_PRODUCTS_DIR)/CS470Voting.app/CS470Voting";
			};
			name = Debug;
		};
		3F30F3B21E931DCC00E90631 /* Release */ = {
			isa = XCBuildConfiguration;
			buildSettings = {
				ALWAYS_EMBED_SWIFT_STANDARD_LIBRARIES = YES;
				BUNDLE_LOADER = "$(TEST_HOST)";
				INFOPLIST_FILE = CS470VotingTests/Info.plist;
				LD_RUNPATH_SEARCH_PATHS = "$(inherited) @executable_path/Frameworks @loader_path/Frameworks";
				PRODUCT_BUNDLE_IDENTIFIER = com.voting.ssu.CS470VotingTests;
				PRODUCT_NAME = "$(TARGET_NAME)";
				SWIFT_VERSION = 3.0;
				TEST_HOST = "$(BUILT_PRODUCTS_DIR)/CS470Voting.app/CS470Voting";
			};
			name = Release;
		};
		3F30F3B41E931DCC00E90631 /* Debug */ = {
			isa = XCBuildConfiguration;
			buildSettings = {
				ALWAYS_EMBED_SWIFT_STANDARD_LIBRARIES = YES;
				INFOPLIST_FILE = CS470VotingUITests/Info.plist;
				LD_RUNPATH_SEARCH_PATHS = "$(inherited) @executable_path/Frameworks @loader_path/Frameworks";
				PRODUCT_BUNDLE_IDENTIFIER = com.voting.ssu.CS470VotingUITests;
				PRODUCT_NAME = "$(TARGET_NAME)";
				SWIFT_VERSION = 3.0;
				TEST_TARGET_NAME = CS470Voting;
			};
			name = Debug;
		};
		3F30F3B51E931DCC00E90631 /* Release */ = {
			isa = XCBuildConfiguration;
			buildSettings = {
				ALWAYS_EMBED_SWIFT_STANDARD_LIBRARIES = YES;
				INFOPLIST_FILE = CS470VotingUITests/Info.plist;
				LD_RUNPATH_SEARCH_PATHS = "$(inherited) @executable_path/Frameworks @loader_path/Frameworks";
				PRODUCT_BUNDLE_IDENTIFIER = com.voting.ssu.CS470VotingUITests;
				PRODUCT_NAME = "$(TARGET_NAME)";
				SWIFT_VERSION = 3.0;
				TEST_TARGET_NAME = CS470Voting;
			};
			name = Release;
		};
/* End XCBuildConfiguration section */

/* Begin XCConfigurationList section */
		3F30F37D1E931DCB00E90631 /* Build configuration list for PBXProject "CS470Voting" */ = {
			isa = XCConfigurationList;
			buildConfigurations = (
				3F30F3AB1E931DCC00E90631 /* Debug */,
				3F30F3AC1E931DCC00E90631 /* Release */,
			);
			defaultConfigurationIsVisible = 0;
			defaultConfigurationName = Release;
		};
		3F30F3AD1E931DCC00E90631 /* Build configuration list for PBXNativeTarget "CS470Voting" */ = {
			isa = XCConfigurationList;
			buildConfigurations = (
				3F30F3AE1E931DCC00E90631 /* Debug */,
				3F30F3AF1E931DCC00E90631 /* Release */,
			);
			defaultConfigurationIsVisible = 0;
			defaultConfigurationName = Release;
		};
		3F30F3B01E931DCC00E90631 /* Build configuration list for PBXNativeTarget "CS470VotingTests" */ = {
			isa = XCConfigurationList;
			buildConfigurations = (
				3F30F3B11E931DCC00E90631 /* Debug */,
				3F30F3B21E931DCC00E90631 /* Release */,
			);
			defaultConfigurationIsVisible = 0;
			defaultConfigurationName = Release;
		};
		3F30F3B31E931DCC00E90631 /* Build configuration list for PBXNativeTarget "CS470VotingUITests" */ = {
			isa = XCConfigurationList;
			buildConfigurations = (
				3F30F3B41E931DCC00E90631 /* Debug */,
				3F30F3B51E931DCC00E90631 /* Release */,
			);
			defaultConfigurationIsVisible = 0;
			defaultConfigurationName = Release;
		};
/* End XCConfigurationList section */

/* Begin XCVersionGroup section */
		3F30F38C1E931DCB00E90631 /* CS470Voting.xcdatamodeld */ = {
			isa = XCVersionGroup;
			children = (
				3F30F38D1E931DCB00E90631 /* CS470Voting.xcdatamodel */,
			);
			currentVersion = 3F30F38D1E931DCB00E90631 /* CS470Voting.xcdatamodel */;
			path = CS470Voting.xcdatamodeld;
			sourceTree = "<group>";
			versionGroupType = wrapper.xcdatamodel;
		};
/* End XCVersionGroup section */
	};
	rootObject = 3F30F37A1E931DCB00E90631 /* Project object */;
}
