// !$*UTF8*$!
{
	archiveVersion = 1;
	classes = {
	};
	objectVersion = 46;
	objects = {

/* Begin PBXBuildFile section */
		1CC70B8C8DF5A9DBD554E255 /* Pods_CS470VotingTests.framework in Frameworks */ = {isa = PBXBuildFile; fileRef = A3737C6ADD9FEDC44959879B /* Pods_CS470VotingTests.framework */; };
		3F0F2D891EA587E8005AD45A /* categoriesTableVC.swift in Sources */ = {isa = PBXBuildFile; fileRef = 3F0F2D881EA587E8005AD45A /* categoriesTableVC.swift */; };
		3F0F2D8B1EA588E1005AD45A /* categoriesTableViewCell.swift in Sources */ = {isa = PBXBuildFile; fileRef = 3F0F2D8A1EA588E1005AD45A /* categoriesTableViewCell.swift */; };
		3F30F3861E931DCB00E90631 /* AppDelegate.swift in Sources */ = {isa = PBXBuildFile; fileRef = 3F30F3851E931DCB00E90631 /* AppDelegate.swift */; };
		3F30F3881E931DCB00E90631 /* HomeViewController.swift in Sources */ = {isa = PBXBuildFile; fileRef = 3F30F3871E931DCB00E90631 /* HomeViewController.swift */; };
		3F30F38B1E931DCB00E90631 /* Main.storyboard in Resources */ = {isa = PBXBuildFile; fileRef = 3F30F3891E931DCB00E90631 /* Main.storyboard */; };
		3F30F38E1E931DCB00E90631 /* CS470Voting.xcdatamodeld in Sources */ = {isa = PBXBuildFile; fileRef = 3F30F38C1E931DCB00E90631 /* CS470Voting.xcdatamodeld */; };
		3F30F3901E931DCB00E90631 /* Assets.xcassets in Resources */ = {isa = PBXBuildFile; fileRef = 3F30F38F1E931DCB00E90631 /* Assets.xcassets */; };
		3F30F3931E931DCB00E90631 /* LaunchScreen.storyboard in Resources */ = {isa = PBXBuildFile; fileRef = 3F30F3911E931DCB00E90631 /* LaunchScreen.storyboard */; };
		3F30F39E1E931DCC00E90631 /* CS470VotingTests.swift in Sources */ = {isa = PBXBuildFile; fileRef = 3F30F39D1E931DCC00E90631 /* CS470VotingTests.swift */; };
		3F30F3A91E931DCC00E90631 /* CS470VotingUITests.swift in Sources */ = {isa = PBXBuildFile; fileRef = 3F30F3A81E931DCC00E90631 /* CS470VotingUITests.swift */; };
		5E1E8549BA41E220B21802D9 /* Pods_CS470Voting.framework in Frameworks */ = {isa = PBXBuildFile; fileRef = 36150CEABE0219E3EDF8E721 /* Pods_CS470Voting.framework */; };
		6702245A1EBED6AB00C0E26C /* ChatTableVC.swift in Sources */ = {isa = PBXBuildFile; fileRef = 670224591EBED6AB00C0E26C /* ChatTableVC.swift */; };
		6702245C1EBEDD6F00C0E26C /* aFirebaseUser.swift in Sources */ = {isa = PBXBuildFile; fileRef = 6702245B1EBEDD6F00C0E26C /* aFirebaseUser.swift */; };
		6702245E1EBEE34100C0E26C /* NewMessageTableVC.swift in Sources */ = {isa = PBXBuildFile; fileRef = 6702245D1EBEE34100C0E26C /* NewMessageTableVC.swift */; };
		670224631EBF05A900C0E26C /* ChatLogTableVC.swift in Sources */ = {isa = PBXBuildFile; fileRef = 670224621EBF05A900C0E26C /* ChatLogTableVC.swift */; };
		67029F641EBE9C2E002D4320 /* GoogleService-Info.plist in Resources */ = {isa = PBXBuildFile; fileRef = 67029F631EBE9C2E002D4320 /* GoogleService-Info.plist */; };
		6749BDE01EA84D2500F0D94B /* RegisterViewController.swift in Sources */ = {isa = PBXBuildFile; fileRef = 6749BDDF1EA84D2500F0D94B /* RegisterViewController.swift */; };
		6749BDE21EA8630D00F0D94B /* LoginViewController.swift in Sources */ = {isa = PBXBuildFile; fileRef = 6749BDE11EA8630D00F0D94B /* LoginViewController.swift */; };
		677CA3171EBFA310009FF3CA /* aMessageObject.swift in Sources */ = {isa = PBXBuildFile; fileRef = 677CA3161EBFA310009FF3CA /* aMessageObject.swift */; };
		677CA3191EC009DA009FF3CA /* ChatMessageCollectionCell.swift in Sources */ = {isa = PBXBuildFile; fileRef = 677CA3181EC009DA009FF3CA /* ChatMessageCollectionCell.swift */; };
		67C271A01EBE3D1A004317D2 /* aUser.swift in Sources */ = {isa = PBXBuildFile; fileRef = 67C2719F1EBE3D1A004317D2 /* aUser.swift */; };
		67C271A21EBE3DBD004317D2 /* GlobalFuncvar.swift in Sources */ = {isa = PBXBuildFile; fileRef = 67C271A11EBE3DBD004317D2 /* GlobalFuncvar.swift */; };
		67CD0BC21EA6FE76003C75F3 /* nomineeTableVC.swift in Sources */ = {isa = PBXBuildFile; fileRef = 67CD0BC11EA6FE76003C75F3 /* nomineeTableVC.swift */; };
		67CD0BC41EA70789003C75F3 /* nomineeTableViewCell.swift in Sources */ = {isa = PBXBuildFile; fileRef = 67CD0BC31EA70789003C75F3 /* nomineeTableViewCell.swift */; };
		67F48F431EA846CF002B05FA /* PreLoginViewController.swift in Sources */ = {isa = PBXBuildFile; fileRef = 67F48F421EA846CF002B05FA /* PreLoginViewController.swift */; };
		BA2CD60FB2A84DE996267D7E /* Pods_CS470VotingUITests.framework in Frameworks */ = {isa = PBXBuildFile; fileRef = 4A6EB93D9EB280FFA90AA5BF /* Pods_CS470VotingUITests.framework */; };
/* End PBXBuildFile section */

/* Begin PBXContainerItemProxy section */
		3F30F39A1E931DCC00E90631 /* PBXContainerItemProxy */ = {
			isa = PBXContainerItemProxy;
			containerPortal = 3F30F37A1E931DCB00E90631 /* Project object */;
			proxyType = 1;
			remoteGlobalIDString = 3F30F3811E931DCB00E90631;
			remoteInfo = CS470Voting;
		};
		3F30F3A51E931DCC00E90631 /* PBXContainerItemProxy */ = {
			isa = PBXContainerItemProxy;
			containerPortal = 3F30F37A1E931DCB00E90631 /* Project object */;
			proxyType = 1;
			remoteGlobalIDString = 3F30F3811E931DCB00E90631;
			remoteInfo = CS470Voting;
		};
/* End PBXContainerItemProxy section */

/* Begin PBXFileReference section */
		36150CEABE0219E3EDF8E721 /* Pods_CS470Voting.framework */ = {isa = PBXFileReference; explicitFileType = wrapper.framework; includeInIndex = 0; path = Pods_CS470Voting.framework; sourceTree = BUILT_PRODUCTS_DIR; };
		3F0F2D881EA587E8005AD45A /* categoriesTableVC.swift */ = {isa = PBXFileReference; fileEncoding = 4; lastKnownFileType = sourcecode.swift; path = categoriesTableVC.swift; sourceTree = "<group>"; };
		3F0F2D8A1EA588E1005AD45A /* categoriesTableViewCell.swift */ = {isa = PBXFileReference; fileEncoding = 4; lastKnownFileType = sourcecode.swift; path = categoriesTableViewCell.swift; sourceTree = "<group>"; };
		3F30F3821E931DCB00E90631 /* CS470Voting.app */ = {isa = PBXFileReference; explicitFileType = wrapper.application; includeInIndex = 0; path = CS470Voting.app; sourceTree = BUILT_PRODUCTS_DIR; };
		3F30F3851E931DCB00E90631 /* AppDelegate.swift */ = {isa = PBXFileReference; lastKnownFileType = sourcecode.swift; path = AppDelegate.swift; sourceTree = "<group>"; };
		3F30F3871E931DCB00E90631 /* HomeViewController.swift */ = {isa = PBXFileReference; lastKnownFileType = sourcecode.swift; path = HomeViewController.swift; sourceTree = "<group>"; };
		3F30F38A1E931DCB00E90631 /* Base */ = {isa = PBXFileReference; lastKnownFileType = file.storyboard; name = Base; path = Base.lproj/Main.storyboard; sourceTree = "<group>"; };
		3F30F38D1E931DCB00E90631 /* CS470Voting.xcdatamodel */ = {isa = PBXFileReference; lastKnownFileType = wrapper.xcdatamodel; path = CS470Voting.xcdatamodel; sourceTree = "<group>"; };
		3F30F38F1E931DCB00E90631 /* Assets.xcassets */ = {isa = PBXFileReference; lastKnownFileType = folder.assetcatalog; path = Assets.xcassets; sourceTree = "<group>"; };
		3F30F3921E931DCB00E90631 /* Base */ = {isa = PBXFileReference; lastKnownFileType = file.storyboard; name = Base; path = Base.lproj/LaunchScreen.storyboard; sourceTree = "<group>"; };
		3F30F3941E931DCB00E90631 /* Info.plist */ = {isa = PBXFileReference; lastKnownFileType = text.plist.xml; path = Info.plist; sourceTree = "<group>"; };
		3F30F3991E931DCC00E90631 /* CS470VotingTests.xctest */ = {isa = PBXFileReference; explicitFileType = wrapper.cfbundle; includeInIndex = 0; path = CS470VotingTests.xctest; sourceTree = BUILT_PRODUCTS_DIR; };
		3F30F39D1E931DCC00E90631 /* CS470VotingTests.swift */ = {isa = PBXFileReference; lastKnownFileType = sourcecode.swift; path = CS470VotingTests.swift; sourceTree = "<group>"; };
		3F30F39F1E931DCC00E90631 /* Info.plist */ = {isa = PBXFileReference; lastKnownFileType = text.plist.xml; path = Info.plist; sourceTree = "<group>"; };
		3F30F3A41E931DCC00E90631 /* CS470VotingUITests.xctest */ = {isa = PBXFileReference; explicitFileType = wrapper.cfbundle; includeInIndex = 0; path = CS470VotingUITests.xctest; sourceTree = BUILT_PRODUCTS_DIR; };
		3F30F3A81E931DCC00E90631 /* CS470VotingUITests.swift */ = {isa = PBXFileReference; lastKnownFileType = sourcecode.swift; path = CS470VotingUITests.swift; sourceTree = "<group>"; };
		3F30F3AA1E931DCC00E90631 /* Info.plist */ = {isa = PBXFileReference; lastKnownFileType = text.plist.xml; path = Info.plist; sourceTree = "<group>"; };
		4A6EB93D9EB280FFA90AA5BF /* Pods_CS470VotingUITests.framework */ = {isa = PBXFileReference; explicitFileType = wrapper.framework; includeInIndex = 0; path = Pods_CS470VotingUITests.framework; sourceTree = BUILT_PRODUCTS_DIR; };
		66A87E603B87932A71A991B4 /* Pods-CS470VotingUITests.release.xcconfig */ = {isa = PBXFileReference; includeInIndex = 1; lastKnownFileType = text.xcconfig; name = "Pods-CS470VotingUITests.release.xcconfig"; path = "Pods/Target Support Files/Pods-CS470VotingUITests/Pods-CS470VotingUITests.release.xcconfig"; sourceTree = "<group>"; };
		670224591EBED6AB00C0E26C /* ChatTableVC.swift */ = {isa = PBXFileReference; fileEncoding = 4; lastKnownFileType = sourcecode.swift; path = ChatTableVC.swift; sourceTree = "<group>"; };
		6702245B1EBEDD6F00C0E26C /* aFirebaseUser.swift */ = {isa = PBXFileReference; fileEncoding = 4; lastKnownFileType = sourcecode.swift; path = aFirebaseUser.swift; sourceTree = "<group>"; };
		6702245D1EBEE34100C0E26C /* NewMessageTableVC.swift */ = {isa = PBXFileReference; fileEncoding = 4; lastKnownFileType = sourcecode.swift; path = NewMessageTableVC.swift; sourceTree = "<group>"; };
		670224621EBF05A900C0E26C /* ChatLogTableVC.swift */ = {isa = PBXFileReference; fileEncoding = 4; lastKnownFileType = sourcecode.swift; path = ChatLogTableVC.swift; sourceTree = "<group>"; };
		67029F631EBE9C2E002D4320 /* GoogleService-Info.plist */ = {isa = PBXFileReference; fileEncoding = 4; lastKnownFileType = text.plist.xml; path = "GoogleService-Info.plist"; sourceTree = "<group>"; };
		6749BDDF1EA84D2500F0D94B /* RegisterViewController.swift */ = {isa = PBXFileReference; fileEncoding = 4; lastKnownFileType = sourcecode.swift; path = RegisterViewController.swift; sourceTree = "<group>"; };
		6749BDE11EA8630D00F0D94B /* LoginViewController.swift */ = {isa = PBXFileReference; fileEncoding = 4; lastKnownFileType = sourcecode.swift; path = LoginViewController.swift; sourceTree = "<group>"; };
		677CA3161EBFA310009FF3CA /* aMessageObject.swift */ = {isa = PBXFileReference; fileEncoding = 4; lastKnownFileType = sourcecode.swift; path = aMessageObject.swift; sourceTree = "<group>"; };
		677CA3181EC009DA009FF3CA /* ChatMessageCollectionCell.swift */ = {isa = PBXFileReference; fileEncoding = 4; lastKnownFileType = sourcecode.swift; path = ChatMessageCollectionCell.swift; sourceTree = "<group>"; };
		67C2719F1EBE3D1A004317D2 /* aUser.swift */ = {isa = PBXFileReference; fileEncoding = 4; lastKnownFileType = sourcecode.swift; path = aUser.swift; sourceTree = "<group>"; };
		67C271A11EBE3DBD004317D2 /* GlobalFuncvar.swift */ = {isa = PBXFileReference; fileEncoding = 4; lastKnownFileType = sourcecode.swift; path = GlobalFuncvar.swift; sourceTree = "<group>"; };
		67CD0BC11EA6FE76003C75F3 /* nomineeTableVC.swift */ = {isa = PBXFileReference; fileEncoding = 4; lastKnownFileType = sourcecode.swift; path = nomineeTableVC.swift; sourceTree = "<group>"; };
		67CD0BC31EA70789003C75F3 /* nomineeTableViewCell.swift */ = {isa = PBXFileReference; fileEncoding = 4; lastKnownFileType = sourcecode.swift; path = nomineeTableViewCell.swift; sourceTree = "<group>"; };
		67F48F421EA846CF002B05FA /* PreLoginViewController.swift */ = {isa = PBXFileReference; fileEncoding = 4; lastKnownFileType = sourcecode.swift; path = PreLoginViewController.swift; sourceTree = "<group>"; };
		692A15A3A8851A234E9F821D /* Pods-CS470VotingUITests.debug.xcconfig */ = {isa = PBXFileReference; includeInIndex = 1; lastKnownFileType = text.xcconfig; name = "Pods-CS470VotingUITests.debug.xcconfig"; path = "Pods/Target Support Files/Pods-CS470VotingUITests/Pods-CS470VotingUITests.debug.xcconfig"; sourceTree = "<group>"; };
		73D1249962470BF2F4F91E8A /* Pods-CS470Voting.release.xcconfig */ = {isa = PBXFileReference; includeInIndex = 1; lastKnownFileType = text.xcconfig; name = "Pods-CS470Voting.release.xcconfig"; path = "Pods/Target Support Files/Pods-CS470Voting/Pods-CS470Voting.release.xcconfig"; sourceTree = "<group>"; };
		A3737C6ADD9FEDC44959879B /* Pods_CS470VotingTests.framework */ = {isa = PBXFileReference; explicitFileType = wrapper.framework; includeInIndex = 0; path = Pods_CS470VotingTests.framework; sourceTree = BUILT_PRODUCTS_DIR; };
		B795CB08A8CFCAA18C72D3FF /* Pods-CS470Voting.debug.xcconfig */ = {isa = PBXFileReference; includeInIndex = 1; lastKnownFileType = text.xcconfig; name = "Pods-CS470Voting.debug.xcconfig"; path = "Pods/Target Support Files/Pods-CS470Voting/Pods-CS470Voting.debug.xcconfig"; sourceTree = "<group>"; };
		D205AB0ABB3922CCA95E7F5E /* Pods-CS470VotingTests.debug.xcconfig */ = {isa = PBXFileReference; includeInIndex = 1; lastKnownFileType = text.xcconfig; name = "Pods-CS470VotingTests.debug.xcconfig"; path = "Pods/Target Support Files/Pods-CS470VotingTests/Pods-CS470VotingTests.debug.xcconfig"; sourceTree = "<group>"; };
		EBD7234CFADA0BDD6A39612D /* Pods-CS470VotingTests.release.xcconfig */ = {isa = PBXFileReference; includeInIndex = 1; lastKnownFileType = text.xcconfig; name = "Pods-CS470VotingTests.release.xcconfig"; path = "Pods/Target Support Files/Pods-CS470VotingTests/Pods-CS470VotingTests.release.xcconfig"; sourceTree = "<group>"; };
/* End PBXFileReference section */

/* Begin PBXFrameworksBuildPhase section */
		3F30F37F1E931DCB00E90631 /* Frameworks */ = {
			isa = PBXFrameworksBuildPhase;
			buildActionMask = 2147483647;
			files = (
				5E1E8549BA41E220B21802D9 /* Pods_CS470Voting.framework in Frameworks */,
			);
			runOnlyForDeploymentPostprocessing = 0;
		};
		3F30F3961E931DCC00E90631 /* Frameworks */ = {
			isa = PBXFrameworksBuildPhase;
			buildActionMask = 2147483647;
			files = (
				1CC70B8C8DF5A9DBD554E255 /* Pods_CS470VotingTests.framework in Frameworks */,
			);
			runOnlyForDeploymentPostprocessing = 0;
		};
		3F30F3A11E931DCC00E90631 /* Frameworks */ = {
			isa = PBXFrameworksBuildPhase;
			buildActionMask = 2147483647;
			files = (
				BA2CD60FB2A84DE996267D7E /* Pods_CS470VotingUITests.framework in Frameworks */,
			);
			runOnlyForDeploymentPostprocessing = 0;
		};
/* End PBXFrameworksBuildPhase section */

/* Begin PBXGroup section */
		3F30F3791E931DCB00E90631 = {
			isa = PBXGroup;
			children = (
				3F30F3841E931DCB00E90631 /* CS470Voting */,
				3F30F39C1E931DCC00E90631 /* CS470VotingTests */,
				3F30F3A71E931DCC00E90631 /* CS470VotingUITests */,
				3F30F3831E931DCB00E90631 /* Products */,
				CFD4F1AE96493A074AE6098A /* Pods */,
				D53F9311BF0661F07B2A943C /* Frameworks */,
			);
			sourceTree = "<group>";
		};
		3F30F3831E931DCB00E90631 /* Products */ = {
			isa = PBXGroup;
			children = (
				3F30F3821E931DCB00E90631 /* CS470Voting.app */,
				3F30F3991E931DCC00E90631 /* CS470VotingTests.xctest */,
				3F30F3A41E931DCC00E90631 /* CS470VotingUITests.xctest */,
			);
			name = Products;
			sourceTree = "<group>";
		};
		3F30F3841E931DCB00E90631 /* CS470Voting */ = {
			isa = PBXGroup;
			children = (
				6702245F1EBF04D300C0E26C /* ChatFiles */,
				67C2719E1EBE3CDF004317D2 /* ObjectOrientedDataStruct */,
				67C2719D1EBE3C4B004317D2 /* TableViewCell */,
				67C2719C1EBE3BC2004317D2 /* TableViewControllers */,
				3F30F3851E931DCB00E90631 /* AppDelegate.swift */,
				3F30F3891E931DCB00E90631 /* Main.storyboard */,
				3F30F38F1E931DCB00E90631 /* Assets.xcassets */,
				3F30F3911E931DCB00E90631 /* LaunchScreen.storyboard */,
				67029F631EBE9C2E002D4320 /* GoogleService-Info.plist */,
				3F30F3941E931DCB00E90631 /* Info.plist */,
				3F30F38C1E931DCB00E90631 /* CS470Voting.xcdatamodeld */,
			);
			path = CS470Voting;
			sourceTree = "<group>";
		};
		3F30F39C1E931DCC00E90631 /* CS470VotingTests */ = {
			isa = PBXGroup;
			children = (
				3F30F39D1E931DCC00E90631 /* CS470VotingTests.swift */,
				3F30F39F1E931DCC00E90631 /* Info.plist */,
			);
			path = CS470VotingTests;
			sourceTree = "<group>";
		};
		3F30F3A71E931DCC00E90631 /* CS470VotingUITests */ = {
			isa = PBXGroup;
			children = (
				3F30F3A81E931DCC00E90631 /* CS470VotingUITests.swift */,
				3F30F3AA1E931DCC00E90631 /* Info.plist */,
			);
			path = CS470VotingUITests;
			sourceTree = "<group>";
		};
		6702245F1EBF04D300C0E26C /* ChatFiles */ = {
			isa = PBXGroup;
			children = (
				6702245D1EBEE34100C0E26C /* NewMessageTableVC.swift */,
				670224591EBED6AB00C0E26C /* ChatTableVC.swift */,
				670224621EBF05A900C0E26C /* ChatLogTableVC.swift */,
				677CA3181EC009DA009FF3CA /* ChatMessageCollectionCell.swift */,
			);
			name = ChatFiles;
			sourceTree = "<group>";
		};
		67C2719C1EBE3BC2004317D2 /* TableViewControllers */ = {
			isa = PBXGroup;
			children = (
				67C271A11EBE3DBD004317D2 /* GlobalFuncvar.swift */,
				3F30F3871E931DCB00E90631 /* HomeViewController.swift */,
				67F48F421EA846CF002B05FA /* PreLoginViewController.swift */,
				6749BDDF1EA84D2500F0D94B /* RegisterViewController.swift */,
				6749BDE11EA8630D00F0D94B /* LoginViewController.swift */,
				3F0F2D881EA587E8005AD45A /* categoriesTableVC.swift */,
				67CD0BC11EA6FE76003C75F3 /* nomineeTableVC.swift */,
			);
			name = TableViewControllers;
			sourceTree = "<group>";
		};
		67C2719D1EBE3C4B004317D2 /* TableViewCell */ = {
			isa = PBXGroup;
			children = (
				3F0F2D8A1EA588E1005AD45A /* categoriesTableViewCell.swift */,
				67CD0BC31EA70789003C75F3 /* nomineeTableViewCell.swift */,
			);
			name = TableViewCell;
			sourceTree = "<group>";
		};
		67C2719E1EBE3CDF004317D2 /* ObjectOrientedDataStruct */ = {
			isa = PBXGroup;
			children = (
				67C2719F1EBE3D1A004317D2 /* aUser.swift */,
				6702245B1EBEDD6F00C0E26C /* aFirebaseUser.swift */,
				677CA3161EBFA310009FF3CA /* aMessageObject.swift */,
			);
			name = ObjectOrientedDataStruct;
			sourceTree = "<group>";
		};
		CFD4F1AE96493A074AE6098A /* Pods */ = {
			isa = PBXGroup;
			children = (
				B795CB08A8CFCAA18C72D3FF /* Pods-CS470Voting.debug.xcconfig */,
				73D1249962470BF2F4F91E8A /* Pods-CS470Voting.release.xcconfig */,
				D205AB0ABB3922CCA95E7F5E /* Pods-CS470VotingTests.debug.xcconfig */,
				EBD7234CFADA0BDD6A39612D /* Pods-CS470VotingTests.release.xcconfig */,
				692A15A3A8851A234E9F821D /* Pods-CS470VotingUITests.debug.xcconfig */,
				66A87E603B87932A71A991B4 /* Pods-CS470VotingUITests.release.xcconfig */,
			);
			name = Pods;
			sourceTree = "<group>";
		};
		D53F9311BF0661F07B2A943C /* Frameworks */ = {
			isa = PBXGroup;
			children = (
				36150CEABE0219E3EDF8E721 /* Pods_CS470Voting.framework */,
				A3737C6ADD9FEDC44959879B /* Pods_CS470VotingTests.framework */,
				4A6EB93D9EB280FFA90AA5BF /* Pods_CS470VotingUITests.framework */,
			);
			name = Frameworks;
			sourceTree = "<group>";
		};
/* End PBXGroup section */

/* Begin PBXNativeTarget section */
		3F30F3811E931DCB00E90631 /* CS470Voting */ = {
			isa = PBXNativeTarget;
			buildConfigurationList = 3F30F3AD1E931DCC00E90631 /* Build configuration list for PBXNativeTarget "CS470Voting" */;
			buildPhases = (
				931B4C17B9B5A92916C7CFC4 /* [CP] Check Pods Manifest.lock */,
				3F30F37E1E931DCB00E90631 /* Sources */,
				3F30F37F1E931DCB00E90631 /* Frameworks */,
				3F30F3801E931DCB00E90631 /* Resources */,
				AEE89BDC6889747E81A03178 /* [CP] Embed Pods Frameworks */,
				576C23CCA0E3942B19A2A646 /* [CP] Copy Pods Resources */,
			);
			buildRules = (
			);
			dependencies = (
			);
			name = CS470Voting;
			productName = CS470Voting;
			productReference = 3F30F3821E931DCB00E90631 /* CS470Voting.app */;
			productType = "com.apple.product-type.application";
		};
		3F30F3981E931DCC00E90631 /* CS470VotingTests */ = {
			isa = PBXNativeTarget;
			buildConfigurationList = 3F30F3B01E931DCC00E90631 /* Build configuration list for PBXNativeTarget "CS470VotingTests" */;
			buildPhases = (
				957165EAFBBD0B9BECF5C730 /* [CP] Check Pods Manifest.lock */,
				3F30F3951E931DCC00E90631 /* Sources */,
				3F30F3961E931DCC00E90631 /* Frameworks */,
				3F30F3971E931DCC00E90631 /* Resources */,
				3DD4A22F76138125ED0F5CD2 /* [CP] Embed Pods Frameworks */,
				D89F78BD367CFFD409587695 /* [CP] Copy Pods Resources */,
			);
			buildRules = (
			);
			dependencies = (
				3F30F39B1E931DCC00E90631 /* PBXTargetDependency */,
			);
			name = CS470VotingTests;
			productName = CS470VotingTests;
			productReference = 3F30F3991E931DCC00E90631 /* CS470VotingTests.xctest */;
			productType = "com.apple.product-type.bundle.unit-test";
		};
		3F30F3A31E931DCC00E90631 /* CS470VotingUITests */ = {
			isa = PBXNativeTarget;
			buildConfigurationList = 3F30F3B31E931DCC00E90631 /* Build configuration list for PBXNativeTarget "CS470VotingUITests" */;
			buildPhases = (
				BD719F9DD8E698A405DF17A3 /* [CP] Check Pods Manifest.lock */,
				3F30F3A01E931DCC00E90631 /* Sources */,
				3F30F3A11E931DCC00E90631 /* Frameworks */,
				3F30F3A21E931DCC00E90631 /* Resources */,
				3E84D5B0840F702DC2CE8D03 /* [CP] Embed Pods Frameworks */,
				B7F5A6F1744CF61109E3D001 /* [CP] Copy Pods Resources */,
			);
			buildRules = (
			);
			dependencies = (
				3F30F3A61E931DCC00E90631 /* PBXTargetDependency */,
			);
			name = CS470VotingUITests;
			productName = CS470VotingUITests;
			productReference = 3F30F3A41E931DCC00E90631 /* CS470VotingUITests.xctest */;
			productType = "com.apple.product-type.bundle.ui-testing";
		};
/* End PBXNativeTarget section */

/* Begin PBXProject section */
		3F30F37A1E931DCB00E90631 /* Project object */ = {
			isa = PBXProject;
			attributes = {
				LastSwiftUpdateCheck = 0820;
				LastUpgradeCheck = 0820;
				ORGANIZATIONNAME = student;
				TargetAttributes = {
					3F30F3811E931DCB00E90631 = {
						CreatedOnToolsVersion = 8.2.1;
						ProvisioningStyle = Automatic;
					};
					3F30F3981E931DCC00E90631 = {
						CreatedOnToolsVersion = 8.2.1;
						ProvisioningStyle = Automatic;
						TestTargetID = 3F30F3811E931DCB00E90631;
					};
					3F30F3A31E931DCC00E90631 = {
						CreatedOnToolsVersion = 8.2.1;
						ProvisioningStyle = Automatic;
						TestTargetID = 3F30F3811E931DCB00E90631;
					};
				};
			};
			buildConfigurationList = 3F30F37D1E931DCB00E90631 /* Build configuration list for PBXProject "CS470Voting" */;
			compatibilityVersion = "Xcode 3.2";
			developmentRegion = English;
			hasScannedForEncodings = 0;
			knownRegions = (
				en,
				Base,
			);
			mainGroup = 3F30F3791E931DCB00E90631;
			productRefGroup = 3F30F3831E931DCB00E90631 /* Products */;
			projectDirPath = "";
			projectRoot = "";
			targets = (
				3F30F3811E931DCB00E90631 /* CS470Voting */,
				3F30F3981E931DCC00E90631 /* CS470VotingTests */,
				3F30F3A31E931DCC00E90631 /* CS470VotingUITests */,
			);
		};
/* End PBXProject section */

/* Begin PBXResourcesBuildPhase section */
		3F30F3801E931DCB00E90631 /* Resources */ = {
			isa = PBXResourcesBuildPhase;
			buildActionMask = 2147483647;
			files = (
				3F30F3931E931DCB00E90631 /* LaunchScreen.storyboard in Resources */,
				67029F641EBE9C2E002D4320 /* GoogleService-Info.plist in Resources */,
				3F30F3901E931DCB00E90631 /* Assets.xcassets in Resources */,
				3F30F38B1E931DCB00E90631 /* Main.storyboard in Resources */,
			);
			runOnlyForDeploymentPostprocessing = 0;
		};
		3F30F3971E931DCC00E90631 /* Resources */ = {
			isa = PBXResourcesBuildPhase;
			buildActionMask = 2147483647;
			files = (
			);
			runOnlyForDeploymentPostprocessing = 0;
		};
		3F30F3A21E931DCC00E90631 /* Resources */ = {
			isa = PBXResourcesBuildPhase;
			buildActionMask = 2147483647;
			files = (
			);
			runOnlyForDeploymentPostprocessing = 0;
		};
/* End PBXResourcesBuildPhase section */

/* Begin PBXShellScriptBuildPhase section */
		3DD4A22F76138125ED0F5CD2 /* [CP] Embed Pods Frameworks */ = {
			isa = PBXShellScriptBuildPhase;
			buildActionMask = 2147483647;
			files = (
			);
			inputPaths = (
			);
			name = "[CP] Embed Pods Frameworks";
			outputPaths = (
			);
			runOnlyForDeploymentPostprocessing = 0;
			shellPath = /bin/sh;
			shellScript = "\"${SRCROOT}/Pods/Target Support Files/Pods-CS470VotingTests/Pods-CS470VotingTests-frameworks.sh\"\n";
			showEnvVarsInLog = 0;
		};
		3E84D5B0840F702DC2CE8D03 /* [CP] Embed Pods Frameworks */ = {
			isa = PBXShellScriptBuildPhase;
			buildActionMask = 2147483647;
			files = (
			);
			inputPaths = (
			);
			name = "[CP] Embed Pods Frameworks";
			outputPaths = (
			);
			runOnlyForDeploymentPostprocessing = 0;
			shellPath = /bin/sh;
			shellScript = "\"${SRCROOT}/Pods/Target Support Files/Pods-CS470VotingUITests/Pods-CS470VotingUITests-frameworks.sh\"\n";
			showEnvVarsInLog = 0;
		};
		576C23CCA0E3942B19A2A646 /* [CP] Copy Pods Resources */ = {
			isa = PBXShellScriptBuildPhase;
			buildActionMask = 2147483647;
			files = (
			);
			inputPaths = (
			);
			name = "[CP] Copy Pods Resources";
			outputPaths = (
			);
			runOnlyForDeploymentPostprocessing = 0;
			shellPath = /bin/sh;
			shellScript = "\"${SRCROOT}/Pods/Target Support Files/Pods-CS470Voting/Pods-CS470Voting-resources.sh\"\n";
			showEnvVarsInLog = 0;
		};
		931B4C17B9B5A92916C7CFC4 /* [CP] Check Pods Manifest.lock */ = {
			isa = PBXShellScriptBuildPhase;
			buildActionMask = 2147483647;
			files = (
			);
			inputPaths = (
			);
			name = "[CP] Check Pods Manifest.lock";
			outputPaths = (
			);
			runOnlyForDeploymentPostprocessing = 0;
			shellPath = /bin/sh;
			shellScript = "diff \"${PODS_PODFILE_DIR_PATH}/Podfile.lock\" \"${PODS_ROOT}/Manifest.lock\" > /dev/null\nif [ $? != 0 ] ; then\n    # print error to STDERR\n    echo \"error: The sandbox is not in sync with the Podfile.lock. Run 'pod install' or update your CocoaPods installation.\" >&2\n    exit 1\nfi\n";
			showEnvVarsInLog = 0;
		};
		957165EAFBBD0B9BECF5C730 /* [CP] Check Pods Manifest.lock */ = {
			isa = PBXShellScriptBuildPhase;
			buildActionMask = 2147483647;
			files = (
			);
			inputPaths = (
			);
			name = "[CP] Check Pods Manifest.lock";
			outputPaths = (
			);
			runOnlyForDeploymentPostprocessing = 0;
			shellPath = /bin/sh;
			shellScript = "diff \"${PODS_PODFILE_DIR_PATH}/Podfile.lock\" \"${PODS_ROOT}/Manifest.lock\" > /dev/null\nif [ $? != 0 ] ; then\n    # print error to STDERR\n    echo \"error: The sandbox is not in sync with the Podfile.lock. Run 'pod install' or update your CocoaPods installation.\" >&2\n    exit 1\nfi\n";
			showEnvVarsInLog = 0;
		};
		AEE89BDC6889747E81A03178 /* [CP] Embed Pods Frameworks */ = {
			isa = PBXShellScriptBuildPhase;
			buildActionMask = 2147483647;
			files = (
			);
			inputPaths = (
			);
			name = "[CP] Embed Pods Frameworks";
			outputPaths = (
			);
			runOnlyForDeploymentPostprocessing = 0;
			shellPath = /bin/sh;
			shellScript = "\"${SRCROOT}/Pods/Target Support Files/Pods-CS470Voting/Pods-CS470Voting-frameworks.sh\"\n";
			showEnvVarsInLog = 0;
		};
		B7F5A6F1744CF61109E3D001 /* [CP] Copy Pods Resources */ = {
			isa = PBXShellScriptBuildPhase;
			buildActionMask = 2147483647;
			files = (
			);
			inputPaths = (
			);
			name = "[CP] Copy Pods Resources";
			outputPaths = (
			);
			runOnlyForDeploymentPostprocessing = 0;
			shellPath = /bin/sh;
			shellScript = "\"${SRCROOT}/Pods/Target Support Files/Pods-CS470VotingUITests/Pods-CS470VotingUITests-resources.sh\"\n";
			showEnvVarsInLog = 0;
		};
		BD719F9DD8E698A405DF17A3 /* [CP] Check Pods Manifest.lock */ = {
			isa = PBXShellScriptBuildPhase;
			buildActionMask = 2147483647;
			files = (
			);
			inputPaths = (
			);
			name = "[CP] Check Pods Manifest.lock";
			outputPaths = (
			);
			runOnlyForDeploymentPostprocessing = 0;
			shellPath = /bin/sh;
			shellScript = "diff \"${PODS_PODFILE_DIR_PATH}/Podfile.lock\" \"${PODS_ROOT}/Manifest.lock\" > /dev/null\nif [ $? != 0 ] ; then\n    # print error to STDERR\n    echo \"error: The sandbox is not in sync with the Podfile.lock. Run 'pod install' or update your CocoaPods installation.\" >&2\n    exit 1\nfi\n";
			showEnvVarsInLog = 0;
		};
		D89F78BD367CFFD409587695 /* [CP] Copy Pods Resources */ = {
			isa = PBXShellScriptBuildPhase;
			buildActionMask = 2147483647;
			files = (
			);
			inputPaths = (
			);
			name = "[CP] Copy Pods Resources";
			outputPaths = (
			);
			runOnlyForDeploymentPostprocessing = 0;
			shellPath = /bin/sh;
			shellScript = "\"${SRCROOT}/Pods/Target Support Files/Pods-CS470VotingTests/Pods-CS470VotingTests-resources.sh\"\n";
			showEnvVarsInLog = 0;
		};
/* End PBXShellScriptBuildPhase section */

/* Begin PBXSourcesBuildPhase section */
		3F30F37E1E931DCB00E90631 /* Sources */ = {
			isa = PBXSourcesBuildPhase;
			buildActionMask = 2147483647;
			files = (
				6702245E1EBEE34100C0E26C /* NewMessageTableVC.swift in Sources */,
				6749BDE01EA84D2500F0D94B /* RegisterViewController.swift in Sources */,
				670224631EBF05A900C0E26C /* ChatLogTableVC.swift in Sources */,
				3F0F2D8B1EA588E1005AD45A /* categoriesTableViewCell.swift in Sources */,
				677CA3171EBFA310009FF3CA /* aMessageObject.swift in Sources */,
				67CD0BC21EA6FE76003C75F3 /* nomineeTableVC.swift in Sources */,
				3F30F3881E931DCB00E90631 /* HomeViewController.swift in Sources */,
				3F0F2D891EA587E8005AD45A /* categoriesTableVC.swift in Sources */,
				67C271A01EBE3D1A004317D2 /* aUser.swift in Sources */,
				677CA3191EC009DA009FF3CA /* ChatMessageCollectionCell.swift in Sources */,
				67F48F431EA846CF002B05FA /* PreLoginViewController.swift in Sources */,
				3F30F3861E931DCB00E90631 /* AppDelegate.swift in Sources */,
				67CD0BC41EA70789003C75F3 /* nomineeTableViewCell.swift in Sources */,
				6702245C1EBEDD6F00C0E26C /* aFirebaseUser.swift in Sources */,
				6749BDE21EA8630D00F0D94B /* LoginViewController.swift in Sources */,
				3F30F38E1E931DCB00E90631 /* CS470Voting.xcdatamodeld in Sources */,
				67C271A21EBE3DBD004317D2 /* GlobalFuncvar.swift in Sources */,
				6702245A1EBED6AB00C0E26C /* ChatTableVC.swift in Sources */,
			);
			runOnlyForDeploymentPostprocessing = 0;
		};
		3F30F3951E931DCC00E90631 /* Sources */ = {
			isa = PBXSourcesBuildPhase;
			buildActionMask = 2147483647;
			files = (
				3F30F39E1E931DCC00E90631 /* CS470VotingTests.swift in Sources */,
			);
			runOnlyForDeploymentPostprocessing = 0;
		};
		3F30F3A01E931DCC00E90631 /* Sources */ = {
			isa = PBXSourcesBuildPhase;
			buildActionMask = 2147483647;
			files = (
				3F30F3A91E931DCC00E90631 /* CS470VotingUITests.swift in Sources */,
			);
			runOnlyForDeploymentPostprocessing = 0;
		};
/* End PBXSourcesBuildPhase section */

/* Begin PBXTargetDependency section */
		3F30F39B1E931DCC00E90631 /* PBXTargetDependency */ = {
			isa = PBXTargetDependency;
			target = 3F30F3811E931DCB00E90631 /* CS470Voting */;
			targetProxy = 3F30F39A1E931DCC00E90631 /* PBXContainerItemProxy */;
		};
		3F30F3A61E931DCC00E90631 /* PBXTargetDependency */ = {
			isa = PBXTargetDependency;
			target = 3F30F3811E931DCB00E90631 /* CS470Voting */;
			targetProxy = 3F30F3A51E931DCC00E90631 /* PBXContainerItemProxy */;
		};
/* End PBXTargetDependency section */

/* Begin PBXVariantGroup section */
		3F30F3891E931DCB00E90631 /* Main.storyboard */ = {
			isa = PBXVariantGroup;
			children = (
				3F30F38A1E931DCB00E90631 /* Base */,
			);
			name = Main.storyboard;
			sourceTree = "<group>";
		};
		3F30F3911E931DCB00E90631 /* LaunchScreen.storyboard */ = {
			isa = PBXVariantGroup;
			children = (
				3F30F3921E931DCB00E90631 /* Base */,
			);
			name = LaunchScreen.storyboard;
			sourceTree = "<group>";
		};
/* End PBXVariantGroup section */

/* Begin XCBuildConfiguration section */
		3F30F3AB1E931DCC00E90631 /* Debug */ = {
			isa = XCBuildConfiguration;
			buildSettings = {
				ALWAYS_SEARCH_USER_PATHS = NO;
				CLANG_ANALYZER_NONNULL = YES;
				CLANG_CXX_LANGUAGE_STANDARD = "gnu++0x";
				CLANG_CXX_LIBRARY = "libc++";
				CLANG_ENABLE_MODULES = YES;
				CLANG_ENABLE_OBJC_ARC = YES;
				CLANG_WARN_BOOL_CONVERSION = YES;
				CLANG_WARN_CONSTANT_CONVERSION = YES;
				CLANG_WARN_DIRECT_OBJC_ISA_USAGE = YES_ERROR;
				CLANG_WARN_DOCUMENTATION_COMMENTS = YES;
				CLANG_WARN_EMPTY_BODY = YES;
				CLANG_WARN_ENUM_CONVERSION = YES;
				CLANG_WARN_INFINITE_RECURSION = YES;
				CLANG_WARN_INT_CONVERSION = YES;
				CLANG_WARN_OBJC_ROOT_CLASS = YES_ERROR;
				CLANG_WARN_SUSPICIOUS_MOVE = YES;
				CLANG_WARN_UNREACHABLE_CODE = YES;
				CLANG_WARN__DUPLICATE_METHOD_MATCH = YES;
				"CODE_SIGN_IDENTITY[sdk=iphoneos*]" = "iPhone Developer";
				COPY_PHASE_STRIP = NO;
				DEBUG_INFORMATION_FORMAT = dwarf;
				ENABLE_STRICT_OBJC_MSGSEND = YES;
				ENABLE_TESTABILITY = YES;
				GCC_C_LANGUAGE_STANDARD = gnu99;
				GCC_DYNAMIC_NO_PIC = NO;
				GCC_NO_COMMON_BLOCKS = YES;
				GCC_OPTIMIZATION_LEVEL = 0;
				GCC_PREPROCESSOR_DEFINITIONS = (
					"DEBUG=1",
					"$(inherited)",
				);
				GCC_WARN_64_TO_32_BIT_CONVERSION = YES;
				GCC_WARN_ABOUT_RETURN_TYPE = YES_ERROR;
				GCC_WARN_UNDECLARED_SELECTOR = YES;
				GCC_WARN_UNINITIALIZED_AUTOS = YES_AGGRESSIVE;
				GCC_WARN_UNUSED_FUNCTION = YES;
				GCC_WARN_UNUSED_VARIABLE = YES;
				IPHONEOS_DEPLOYMENT_TARGET = 10.2;
				MTL_ENABLE_DEBUG_INFO = YES;
				ONLY_ACTIVE_ARCH = YES;
				SDKROOT = iphoneos;
				SWIFT_ACTIVE_COMPILATION_CONDITIONS = DEBUG;
				SWIFT_OPTIMIZATION_LEVEL = "-Onone";
				TARGETED_DEVICE_FAMILY = "1,2";
			};
			name = Debug;
		};
		3F30F3AC1E931DCC00E90631 /* Release */ = {
			isa = XCBuildConfiguration;
			buildSettings = {
				ALWAYS_SEARCH_USER_PATHS = NO;
				CLANG_ANALYZER_NONNULL = YES;
				CLANG_CXX_LANGUAGE_STANDARD = "gnu++0x";
				CLANG_CXX_LIBRARY = "libc++";
				CLANG_ENABLE_MODULES = YES;
				CLANG_ENABLE_OBJC_ARC = YES;
				CLANG_WARN_BOOL_CONVERSION = YES;
				CLANG_WARN_CONSTANT_CONVERSION = YES;
				CLANG_WARN_DIRECT_OBJC_ISA_USAGE = YES_ERROR;
				CLANG_WARN_DOCUMENTATION_COMMENTS = YES;
				CLANG_WARN_EMPTY_BODY = YES;
				CLANG_WARN_ENUM_CONVERSION = YES;
				CLANG_WARN_INFINITE_RECURSION = YES;
				CLANG_WARN_INT_CONVERSION = YES;
				CLANG_WARN_OBJC_ROOT_CLASS = YES_ERROR;
				CLANG_WARN_SUSPICIOUS_MOVE = YES;
				CLANG_WARN_UNREACHABLE_CODE = YES;
				CLANG_WARN__DUPLICATE_METHOD_MATCH = YES;
				"CODE_SIGN_IDENTITY[sdk=iphoneos*]" = "iPhone Developer";
				COPY_PHASE_STRIP = NO;
				DEBUG_INFORMATION_FORMAT = "dwarf-with-dsym";
				ENABLE_NS_ASSERTIONS = NO;
				ENABLE_STRICT_OBJC_MSGSEND = YES;
				GCC_C_LANGUAGE_STANDARD = gnu99;
				GCC_NO_COMMON_BLOCKS = YES;
				GCC_WARN_64_TO_32_BIT_CONVERSION = YES;
				GCC_WARN_ABOUT_RETURN_TYPE = YES_ERROR;
				GCC_WARN_UNDECLARED_SELECTOR = YES;
				GCC_WARN_UNINITIALIZED_AUTOS = YES_AGGRESSIVE;
				GCC_WARN_UNUSED_FUNCTION = YES;
				GCC_WARN_UNUSED_VARIABLE = YES;
				IPHONEOS_DEPLOYMENT_TARGET = 10.2;
				MTL_ENABLE_DEBUG_INFO = NO;
				SDKROOT = iphoneos;
				SWIFT_OPTIMIZATION_LEVEL = "-Owholemodule";
				TARGETED_DEVICE_FAMILY = "1,2";
				VALIDATE_PRODUCT = YES;
			};
			name = Release;
		};
		3F30F3AE1E931DCC00E90631 /* Debug */ = {
			isa = XCBuildConfiguration;
			baseConfigurationReference = B795CB08A8CFCAA18C72D3FF /* Pods-CS470Voting.debug.xcconfig */;
			buildSettings = {
				ASSETCATALOG_COMPILER_APPICON_NAME = AppIcon;
				INFOPLIST_FILE = CS470Voting/Info.plist;
				LD_RUNPATH_SEARCH_PATHS = "$(inherited) @executable_path/Frameworks";
				PRODUCT_BUNDLE_IDENTIFIER = com.voting.ssu.CS470Voting;
				PRODUCT_NAME = "$(TARGET_NAME)";
				SWIFT_VERSION = 3.0;
			};
			name = Debug;
		};
		3F30F3AF1E931DCC00E90631 /* Release */ = {
			isa = XCBuildConfiguration;
			baseConfigurationReference = 73D1249962470BF2F4F91E8A /* Pods-CS470Voting.release.xcconfig */;
			buildSettings = {
				ASSETCATALOG_COMPILER_APPICON_NAME = AppIcon;
				INFOPLIST_FILE = CS470Voting/Info.plist;
				LD_RUNPATH_SEARCH_PATHS = "$(inherited) @executable_path/Frameworks";
				PRODUCT_BUNDLE_IDENTIFIER = com.voting.ssu.CS470Voting;
				PRODUCT_NAME = "$(TARGET_NAME)";
				SWIFT_VERSION = 3.0;
			};
			name = Release;
		};
		3F30F3B11E931DCC00E90631 /* Debug */ = {
			isa = XCBuildConfiguration;
			baseConfigurationReference = D205AB0ABB3922CCA95E7F5E /* Pods-CS470VotingTests.debug.xcconfig */;
			buildSettings = {
				ALWAYS_EMBED_SWIFT_STANDARD_LIBRARIES = YES;
				BUNDLE_LOADER = "$(TEST_HOST)";
				INFOPLIST_FILE = CS470VotingTests/Info.plist;
				LD_RUNPATH_SEARCH_PATHS = "$(inherited) @executable_path/Frameworks @loader_path/Frameworks";
				PRODUCT_BUNDLE_IDENTIFIER = com.voting.ssu.CS470VotingTests;
				PRODUCT_NAME = "$(TARGET_NAME)";
				SWIFT_VERSION = 3.0;
				TEST_HOST = "$(BUILT_PRODUCTS_DIR)/CS470Voting.app/CS470Voting";
			};
			name = Debug;
		};
		3F30F3B21E931DCC00E90631 /* Release */ = {
			isa = XCBuildConfiguration;
			baseConfigurationReference = EBD7234CFADA0BDD6A39612D /* Pods-CS470VotingTests.release.xcconfig */;
			buildSettings = {
				ALWAYS_EMBED_SWIFT_STANDARD_LIBRARIES = YES;
				BUNDLE_LOADER = "$(TEST_HOST)";
				INFOPLIST_FILE = CS470VotingTests/Info.plist;
				LD_RUNPATH_SEARCH_PATHS = "$(inherited) @executable_path/Frameworks @loader_path/Frameworks";
				PRODUCT_BUNDLE_IDENTIFIER = com.voting.ssu.CS470VotingTests;
				PRODUCT_NAME = "$(TARGET_NAME)";
				SWIFT_VERSION = 3.0;
				TEST_HOST = "$(BUILT_PRODUCTS_DIR)/CS470Voting.app/CS470Voting";
			};
			name = Release;
		};
		3F30F3B41E931DCC00E90631 /* Debug */ = {
			isa = XCBuildConfiguration;
			baseConfigurationReference = 692A15A3A8851A234E9F821D /* Pods-CS470VotingUITests.debug.xcconfig */;
			buildSettings = {
				ALWAYS_EMBED_SWIFT_STANDARD_LIBRARIES = YES;
				INFOPLIST_FILE = CS470VotingUITests/Info.plist;
				LD_RUNPATH_SEARCH_PATHS = "$(inherited) @executable_path/Frameworks @loader_path/Frameworks";
				PRODUCT_BUNDLE_IDENTIFIER = com.voting.ssu.CS470VotingUITests;
				PRODUCT_NAME = "$(TARGET_NAME)";
				SWIFT_VERSION = 3.0;
				TEST_TARGET_NAME = CS470Voting;
			};
			name = Debug;
		};
		3F30F3B51E931DCC00E90631 /* Release */ = {
			isa = XCBuildConfiguration;
			baseConfigurationReference = 66A87E603B87932A71A991B4 /* Pods-CS470VotingUITests.release.xcconfig */;
			buildSettings = {
				ALWAYS_EMBED_SWIFT_STANDARD_LIBRARIES = YES;
				INFOPLIST_FILE = CS470VotingUITests/Info.plist;
				LD_RUNPATH_SEARCH_PATHS = "$(inherited) @executable_path/Frameworks @loader_path/Frameworks";
				PRODUCT_BUNDLE_IDENTIFIER = com.voting.ssu.CS470VotingUITests;
				PRODUCT_NAME = "$(TARGET_NAME)";
				SWIFT_VERSION = 3.0;
				TEST_TARGET_NAME = CS470Voting;
			};
			name = Release;
		};
/* End XCBuildConfiguration section */

/* Begin XCConfigurationList section */
		3F30F37D1E931DCB00E90631 /* Build configuration list for PBXProject "CS470Voting" */ = {
			isa = XCConfigurationList;
			buildConfigurations = (
				3F30F3AB1E931DCC00E90631 /* Debug */,
				3F30F3AC1E931DCC00E90631 /* Release */,
			);
			defaultConfigurationIsVisible = 0;
			defaultConfigurationName = Release;
		};
		3F30F3AD1E931DCC00E90631 /* Build configuration list for PBXNativeTarget "CS470Voting" */ = {
			isa = XCConfigurationList;
			buildConfigurations = (
				3F30F3AE1E931DCC00E90631 /* Debug */,
				3F30F3AF1E931DCC00E90631 /* Release */,
			);
			defaultConfigurationIsVisible = 0;
			defaultConfigurationName = Release;
		};
		3F30F3B01E931DCC00E90631 /* Build configuration list for PBXNativeTarget "CS470VotingTests" */ = {
			isa = XCConfigurationList;
			buildConfigurations = (
				3F30F3B11E931DCC00E90631 /* Debug */,
				3F30F3B21E931DCC00E90631 /* Release */,
			);
			defaultConfigurationIsVisible = 0;
			defaultConfigurationName = Release;
		};
		3F30F3B31E931DCC00E90631 /* Build configuration list for PBXNativeTarget "CS470VotingUITests" */ = {
			isa = XCConfigurationList;
			buildConfigurations = (
				3F30F3B41E931DCC00E90631 /* Debug */,
				3F30F3B51E931DCC00E90631 /* Release */,
			);
			defaultConfigurationIsVisible = 0;
			defaultConfigurationName = Release;
		};
/* End XCConfigurationList section */

/* Begin XCVersionGroup section */
		3F30F38C1E931DCB00E90631 /* CS470Voting.xcdatamodeld */ = {
			isa = XCVersionGroup;
			children = (
				3F30F38D1E931DCB00E90631 /* CS470Voting.xcdatamodel */,
			);
			currentVersion = 3F30F38D1E931DCB00E90631 /* CS470Voting.xcdatamodel */;
			path = CS470Voting.xcdatamodeld;
			sourceTree = "<group>";
			versionGroupType = wrapper.xcdatamodel;
		};
/* End XCVersionGroup section */
	};
	rootObject = 3F30F37A1E931DCB00E90631 /* Project object */;
}
